
Microsoft Visual Studio Solution File, Format Version 12.00
# Visual Studio Version 16
VisualStudioVersion = 16.0.29503.13
MinimumVisualStudioVersion = 10.0.40219.1
Project("{FAE04EC0-301F-11D3-BF4B-00C04F79EFBC}") = "apiAnimales", "apiAnimales.csproj", "{223065B2-DEBB-4983-8B40-F9D2E42E936B}"
EndProject
Global
	GlobalSection(SolutionConfigurationPlatforms) = preSolution
		Debug|Any CPU = Debug|Any CPU
		Release|Any CPU = Release|Any CPU
	EndGlobalSection
	GlobalSection(ProjectConfigurationPlatforms) = postSolution
		{223065B2-DEBB-4983-8B40-F9D2E42E936B}.Debug|Any CPU.ActiveCfg = Debug|Any CPU
		{223065B2-DEBB-4983-8B40-F9D2E42E936B}.Debug|Any CPU.Build.0 = Debug|Any CPU
		{223065B2-DEBB-4983-8B40-F9D2E42E936B}.Release|Any CPU.ActiveCfg = Release|Any CPU
		{223065B2-DEBB-4983-8B40-F9D2E42E936B}.Release|Any CPU.Build.0 = Release|Any CPU
	EndGlobalSection
	GlobalSection(SolutionProperties) = preSolution
		HideSolutionNode = FALSE
	EndGlobalSection
	GlobalSection(ExtensibilityGlobals) = postSolution
		SolutionGuid = {AE4560AD-42DC-48E5-8D7D-1C4AEA3D48FA}
	EndGlobalSection
EndGlobal
